{
  "pins" : [
    {
      "identity" : "keychain-swift",
      "kind" : "remoteSourceControl",
      "location" : "https://github.com/evgenyneu/keychain-swift.git",
      "state" : {
        "revision" : "265806607b45687a3d646e4c9837c31c90f202e8",
        "version" : "21.0.0"
      }
    },
    {
      "identity" : "kingfisher",
      "kind" : "remoteSourceControl",
      "location" : "https://github.com/onevcat/Kingfisher.git",
      "state" : {
        "revision" : "5b92f029fab2cce44386d28588098b5be0824ef5",
        "version" : "7.11.0"
      }
    },
    {
      "identity" : "swiftui-introspect",
      "kind" : "remoteSourceControl",
      "location" : "https://github.com/siteline/swiftui-introspect",
      "state" : {
        "revision" : "0cd2a5a5895306bc21d54a2254302d24a9a571e4",
        "version" : "1.1.3"
      }
    },
    {
      "identity" : "swiftui-navigation-transitions",
      "kind" : "remoteSourceControl",
      "location" : "https://github.com/davdroman/swiftui-navigation-transitions.git",
      "state" : {
        "revision" : "a6a3c70ad5d771bd1e927fb55897231cd9592024",
        "version" : "0.13.3"
      }
    },
    {
      "identity" : "uniqueid",
      "kind" : "remoteSourceControl",
      "location" : "https://github.com/karwa/uniqueid",
      "state" : {
        "revision" : "0b0a36949d1ff5e02dc1c0aaee7461f12a768d07",
        "version" : "1.0.4"
      }
    }
  ],
  "version" : 2
}
